
Microsoft Visual Studio Solution File, Format Version 12.00
# Visual Studio Version 16
VisualStudioVersion = 25.0.1706.12
MinimumVisualStudioVersion = 10.0.40219.1
Project("{FAE04EC0-301F-11D3-BF4B-00C04F79EFBC}") = "c-sharp-asp-net-core-player-tracker", "c-sharp-asp-net-core-player-tracker.csproj", "{BDC3E02D-2FEA-4C6E-9520-6AA4AFBC39CE}"
EndProject
Global
	GlobalSection(SolutionConfigurationPlatforms) = preSolution
		Debug|Any CPU = Debug|Any CPU
		Release|Any CPU = Release|Any CPU
	EndGlobalSection
	GlobalSection(ProjectConfigurationPlatforms) = postSolution
		{BDC3E02D-2FEA-4C6E-9520-6AA4AFBC39CE}.Debug|Any CPU.ActiveCfg = Debug|Any CPU
		{BDC3E02D-2FEA-4C6E-9520-6AA4AFBC39CE}.Debug|Any CPU.Build.0 = Debug|Any CPU
		{BDC3E02D-2FEA-4C6E-9520-6AA4AFBC39CE}.Release|Any CPU.ActiveCfg = Release|Any CPU
		{BDC3E02D-2FEA-4C6E-9520-6AA4AFBC39CE}.Release|Any CPU.Build.0 = Release|Any CPU
	EndGlobalSection
	GlobalSection(SolutionProperties) = preSolution
		HideSolutionNode = FALSE
	EndGlobalSection
	GlobalSection(ExtensibilityGlobals) = postSolution
		SolutionGuid = {E48AB212-D18C-4DE3-B7F0-0A6AED565F47}
	EndGlobalSection
EndGlobal
